
Microsoft Visual Studio Solution File, Format Version 12.00
# Visual Studio Version 16
VisualStudioVersion = 16.0.30320.27
MinimumVisualStudioVersion = 10.0.40219.1
Project("{FAE04EC0-301F-11D3-BF4B-00C04F79EFBC}") = "Conversion", "Conversion.csproj", "{C85D55AD-5D60-4F24-B976-106E91B4E628}"
EndProject
Global
	GlobalSection(SolutionConfigurationPlatforms) = preSolution
		Debug|Any CPU = Debug|Any CPU
		Release|Any CPU = Release|Any CPU
	EndGlobalSection
	GlobalSection(ProjectConfigurationPlatforms) = postSolution
		{C85D55AD-5D60-4F24-B976-106E91B4E628}.Debug|Any CPU.ActiveCfg = Debug|Any CPU
		{C85D55AD-5D60-4F24-B976-106E91B4E628}.Debug|Any CPU.Build.0 = Debug|Any CPU
		{C85D55AD-5D60-4F24-B976-106E91B4E628}.Release|Any CPU.ActiveCfg = Release|Any CPU
		{C85D55AD-5D60-4F24-B976-106E91B4E628}.Release|Any CPU.Build.0 = Release|Any CPU
	EndGlobalSection
	GlobalSection(SolutionProperties) = preSolution
		HideSolutionNode = FALSE
	EndGlobalSection
	GlobalSection(ExtensibilityGlobals) = postSolution
		SolutionGuid = {1BA5537E-7DD3-4AE2-92AF-5EFA4790A004}
	EndGlobalSection
EndGlobal
