
Microsoft Visual Studio Solution File, Format Version 12.00
# Visual Studio Version 16
VisualStudioVersion = 16.0.30320.27
MinimumVisualStudioVersion = 10.0.40219.1
Project("{FAE04EC0-301F-11D3-BF4B-00C04F79EFBC}") = "Operators", "Operators.csproj", "{0BC54DB1-CAB9-46C7-AEE1-EE53EFE7FCF0}"
EndProject
Global
	GlobalSection(SolutionConfigurationPlatforms) = preSolution
		Debug|Any CPU = Debug|Any CPU
		Release|Any CPU = Release|Any CPU
	EndGlobalSection
	GlobalSection(ProjectConfigurationPlatforms) = postSolution
		{0BC54DB1-CAB9-46C7-AEE1-EE53EFE7FCF0}.Debug|Any CPU.ActiveCfg = Debug|Any CPU
		{0BC54DB1-CAB9-46C7-AEE1-EE53EFE7FCF0}.Debug|Any CPU.Build.0 = Debug|Any CPU
		{0BC54DB1-CAB9-46C7-AEE1-EE53EFE7FCF0}.Release|Any CPU.ActiveCfg = Release|Any CPU
		{0BC54DB1-CAB9-46C7-AEE1-EE53EFE7FCF0}.Release|Any CPU.Build.0 = Release|Any CPU
	EndGlobalSection
	GlobalSection(SolutionProperties) = preSolution
		HideSolutionNode = FALSE
	EndGlobalSection
	GlobalSection(ExtensibilityGlobals) = postSolution
		SolutionGuid = {9E3D3548-3872-487E-B519-A8BBB23EE398}
	EndGlobalSection
EndGlobal
